{"SurveyEntry":{"SurveyID":"SV_55YZK6eQz1XjWBf","SurveyName":"Address To DatazoneID With Ranks","SurveyDescription":null,"SurveyOwnerID":"UR_e4c576o9BUDsfJP","SurveyBrandID":"auckland","DivisionID":null,"SurveyLanguage":"EN","SurveyActiveResponseSet":"RS_4JBFfHZhjjC2Esd","SurveyStatus":"Inactive","SurveyStartDate":"0000-00-00 00:00:00","SurveyExpirationDate":"0000-00-00 00:00:00","SurveyCreationDate":"2018-02-12 13:04:57","CreatorID":"UR_e4c576o9BUDsfJP","LastModified":"2018-05-10 21:12:43","LastAccessed":"0000-00-00 00:00:00","LastActivated":"2018-02-12 13:06:57","Deleted":null},"SurveyElements":[{"SurveyID":"SV_55YZK6eQz1XjWBf","Element":"BL","PrimaryAttribute":"Survey Blocks","SecondaryAttribute":null,"TertiaryAttribute":null,"Payload":{"1":{"Type":"Trash","Description":"Trash \/ Unused Questions","ID":"BL_8HXBxkhdUHMsZLf","BlockElements":[{"Type":"Question","QuestionID":"QID1"},{"Type":"Question","QuestionID":"QID3"}]},"2":{"Type":"Standard","SubType":"","Description":"Block AddrToDatID With Embedded Data","ID":"BL_a4MMm0mKEdze4mx","BlockElements":[{"Type":"Question","QuestionID":"QID2"}]}}},{"SurveyID":"SV_55YZK6eQz1XjWBf","Element":"FL","PrimaryAttribute":"Survey Flow","SecondaryAttribute":null,"TertiaryAttribute":null,"Payload":{"Type":"Root","FlowID":"FL_1","Flow":[{"Type":"Standard","ID":"BL_a4MMm0mKEdze4mx","FlowID":"FL_3"},{"Type":"EmbeddedData","FlowID":"FL_5","EmbeddedData":[{"Description":"ImdRankD","Type":"Recipient","Field":"ImdRankD","VariableType":"String","DataVisibility":[]},{"Description":"EmpRankD","Type":"Recipient","Field":"EmpRankD","VariableType":"String","DataVisibility":[]},{"Description":"IncRankD","Type":"Recipient","Field":"IncRankD","VariableType":"String","DataVisibility":[]},{"Description":"CriRankD","Type":"Recipient","Field":"CriRankD","VariableType":"String","DataVisibility":[]},{"Description":"HouRankD","Type":"Recipient","Field":"HouRankD","VariableType":"String","DataVisibility":[]},{"Description":"HlthRankD","Type":"Recipient","Field":"HlthRankD","VariableType":"String","DataVisibility":[]},{"Description":"EduRankD","Type":"Recipient","Field":"EduRankD","VariableType":"String","DataVisibility":[]},{"Description":"AccRankD","Type":"Recipient","Field":"AccRankD","VariableType":"String","DataVisibility":[]}]}],"Properties":{"Count":5}}},{"SurveyID":"SV_55YZK6eQz1XjWBf","Element":"SO","PrimaryAttribute":"Survey Options","SecondaryAttribute":null,"TertiaryAttribute":null,"Payload":{"BackButton":"false","SaveAndContinue":"true","SurveyProtection":"PublicSurvey","BallotBoxStuffingPrevention":"false","NoIndex":"Yes","SecureResponseFiles":"true","SurveyExpiration":"None","SurveyTermination":"DefaultMessage","Header":"","Footer":"","ProgressBarDisplay":"None","PartialData":"+1 week","ValidationMessage":"","PreviousButton":" \u2190 ","NextButton":" \u2192 ","SkinLibrary":"auckland","SkinType":"MQ","Skin":"auckland2","NewScoring":1}},{"SurveyID":"SV_55YZK6eQz1XjWBf","Element":"SCO","PrimaryAttribute":"Scoring","SecondaryAttribute":null,"TertiaryAttribute":null,"Payload":{"ScoringCategories":[],"ScoringCategoryGroups":[],"ScoringSummaryCategory":null,"ScoringSummaryAfterQuestions":0,"ScoringSummaryAfterSurvey":0,"DefaultScoringCategory":null,"AutoScoringCategory":null}},{"SurveyID":"SV_55YZK6eQz1XjWBf","Element":"STAT","PrimaryAttribute":"Survey Statistics","SecondaryAttribute":null,"TertiaryAttribute":null,"Payload":{"MobileCompatible":true,"ID":"Survey Statistics"}},{"SurveyID":"SV_55YZK6eQz1XjWBf","Element":"PROJ","PrimaryAttribute":"CORE","SecondaryAttribute":"1.0.0","TertiaryAttribute":null,"Payload":null},{"SurveyID":"SV_55YZK6eQz1XjWBf","Element":"QC","PrimaryAttribute":"Survey Question Count","SecondaryAttribute":"3","TertiaryAttribute":null,"Payload":null},{"SurveyID":"SV_55YZK6eQz1XjWBf","Element":"SQ","PrimaryAttribute":"QID2","SecondaryAttribute":"AddressToDatazoneQ","TertiaryAttribute":null,"Payload":{"QuestionText":"Enter your address and convert to data zone ID for IMD deprivation information\n<div class=\"datazoneContainer\" style=\"display: inline-block; padding: 8px 15px;\"><button class=\"datazoneIDButton\" style=\"display: inline-block; background: rgb(0, 119, 204); padding: 8px 15px; color: rgb(255, 255, 255); width: 13em; font-family: sans-serif;\">Convert to DatazoneID<\/button>\n\n<p>&nbsp;<\/p>\n\n<div style=\"display: inline-block; padding: 15px 0px; font-size: 10pt;\">Want to know more?<\/div>\n\n<div class=\"linkToImd\" style=\"display: inline-block; padding: 8px; font-size: 10pt;\"><a href=\"https:\/\/imdmap.auckland.ac.nz\">Visit IMD Website<\/a><\/div>\n\n<p>&nbsp;<\/p>\n\n<div style=\"display: inline-block; padding: 0px; font-size: 10pt;\">Created by the <a href=\"https:\/\/cer.blogs.auckland.ac.nz\/\">Centre for eResearch, University of Auckland<\/a>.<\/div>\n<\/div>","QuestionJS":"\/\/create Qualtrics.SurveyEngine.QuestionData object\nQualtrics.SurveyEngine.addOnload(function ()\n{\n\tvar questContainer = this.getQuestionContainer ();\n\tconsole.log(questContainer);\n\t\n\tvar datazoneContainer = jQuery(questContainer).find(\".datazoneContainer\");\n\t\/\/var questContainer = jQuery(\".QuestionBody\");\n\t\n\tconsole.log(datazoneContainer);\n\t\n\tvar textField = jQuery(questContainer).find('.InputText');\n\ttextField.css(\"width\", \"30em\");\n\t\n\tjQuery(questContainer).append(datazoneContainer);\n\t\n\tjQuery(questContainer).find('.datazoneIDButton').on('click', function() {\n\t\t\n\t\taddress = jQuery(textField).val();\n\t\t\n\t\tvar url = \"https:\/\/imdmap.auckland.ac.nz\/datazoneID?address=\"+address;\n\t\t\n\t\tjQuery.get( url, function( data ) {\n\t\t\t\n\t\t\tvar datazoneID = data.datazoneID[0];\n\t\t\tconsole.log(datazoneID);\n\t\t\t\n\t\t\tjQuery(textField).val(datazoneID);\n\t\t\t\n\t\t\t\/\/Deprivation values as embedded data\n\t\t\tQualtrics.SurveyEngine.setEmbeddedData(\"ImdRankD\", data.ImdRankD[0]);\n\t\t\tQualtrics.SurveyEngine.setEmbeddedData(\"EmpRankD\", data.EmpRankD[0]);\n\t\t\tQualtrics.SurveyEngine.setEmbeddedData(\"IncRankD\", data.IncRankD[0]);\n\t\t\tQualtrics.SurveyEngine.setEmbeddedData(\"CriRankD\", data.CriRankD[0]);\n\t\t\tQualtrics.SurveyEngine.setEmbeddedData(\"HouRankD\", data.HouRankD[0]);\n\t\t\tQualtrics.SurveyEngine.setEmbeddedData(\"HlthRankD\", data.HlthRankD[0]);\n\t\t\tQualtrics.SurveyEngine.setEmbeddedData(\"EduRankD\", data.EduRankD[0]);\n\t\t\tQualtrics.SurveyEngine.setEmbeddedData(\"AccRankD\", data.AccRankD[0]);\n\t\t});\n\t\t\n\t});\n\t\n});","DefaultChoices":false,"QuestionType":"TE","Selector":"SL","DataVisibility":{"Private":false,"Hidden":false},"Configuration":{"QuestionDescriptionOption":"SpecifyLabel"},"QuestionDescription":"AddressToDatazoneQ","Validation":{"Settings":{"ForceResponse":"OFF","ForceResponseType":"ON","Type":"None","ValidDateType":"DateWithFormat","ValidPhoneType":"ValidUSPhone","ValidZipType":"ValidUSZip"}},"GradingData":[],"Language":[],"QuestionText_Unsafe":"Enter your address and convert to DatazoneID<div class=\"datazoneContainer\" style=\"display: inline-block; padding: 8px 15px;\"><button class=\"datazoneIDButton\" style=\"display: inline-block; background: rgb(0, 119, 204); padding: 8px 15px; color: rgb(255, 255, 255); width: 13em; font-family: sans-serif;\">Convert to DatazoneID<\/button><\/div>","DataExportTag":"Q2","QuestionID":"QID2"}},{"SurveyID":"SV_55YZK6eQz1XjWBf","Element":"SQ","PrimaryAttribute":"QID1","SecondaryAttribute":"Click to write the question text","TertiaryAttribute":null,"Payload":{"QuestionText":"Click to write the question text","DataExportTag":"Q1","QuestionType":"MC","Selector":"SAVR","SubSelector":"TX","Configuration":{"QuestionDescriptionOption":"UseText"},"QuestionDescription":"Click to write the question text","Choices":{"1":{"Display":"Click to write Choice 1"},"2":{"Display":"Click to write Choice 2"},"3":{"Display":"Click to write Choice 3"}},"ChoiceOrder":["1","2","3"],"Validation":{"Settings":{"ForceResponse":"OFF","ForceResponseType":"ON","Type":"None"}},"Language":[],"QuestionID":"QID1"}},{"SurveyID":"SV_55YZK6eQz1XjWBf","Element":"SQ","PrimaryAttribute":"QID3","SecondaryAttribute":"Click to write the question text","TertiaryAttribute":null,"Payload":{"QuestionText":"Click to write the question text","DataExportTag":"Q3","QuestionType":"MC","Selector":"SAVR","SubSelector":"TX","Configuration":{"QuestionDescriptionOption":"UseText"},"QuestionDescription":"Click to write the question text","Choices":{"1":{"Display":"Click to write Choice 1"},"2":{"Display":"Click to write Choice 2"},"3":{"Display":"Click to write Choice 3"}},"ChoiceOrder":["1","2","3"],"Validation":{"Settings":{"ForceResponse":"OFF","ForceResponseType":"ON","Type":"None"}},"Language":[],"QuestionID":"QID3"}},{"SurveyID":"SV_55YZK6eQz1XjWBf","Element":"RS","PrimaryAttribute":"RS_4JBFfHZhjjC2Esd","SecondaryAttribute":"Default Response Set","TertiaryAttribute":null,"Payload":null}]}